
Microsoft Visual Studio Solution File, Format Version 11.00
# Visual Studio 2010
Project("{FAE04EC0-301F-11D3-BF4B-00C04F79EFBC}") = "SingaporePolytechnic.Portal", "SingaporePolytechnic.Portal\SingaporePolytechnic.Portal.csproj", "{11FD396E-C12E-4D20-BF89-70B1ECD619CD}"
EndProject
Project("{FAE04EC0-301F-11D3-BF4B-00C04F79EFBC}") = "SingaporePolytechnic.Con", "SingaporePolytechnic.Con\SingaporePolytechnic.Con.csproj", "{79C35D80-4C05-438D-9499-3AEF4199F66E}"
	ProjectSection(ProjectDependencies) = postProject
		{11FD396E-C12E-4D20-BF89-70B1ECD619CD} = {11FD396E-C12E-4D20-BF89-70B1ECD619CD}
		{A4F624C3-B5F9-4A92-B238-174C34D8DA9C} = {A4F624C3-B5F9-4A92-B238-174C34D8DA9C}
		{1A3153F2-7123-4ACB-BD04-5B7A41F8D84D} = {1A3153F2-7123-4ACB-BD04-5B7A41F8D84D}
	EndProjectSection
EndProject
Project("{FAE04EC0-301F-11D3-BF4B-00C04F79EFBC}") = "SingaporePolytechnic.Core", "SingaporePolytechnic.Core\SingaporePolytechnic.Core.csproj", "{A4F624C3-B5F9-4A92-B238-174C34D8DA9C}"
EndProject
Project("{FAE04EC0-301F-11D3-BF4B-00C04F79EFBC}") = "SingaporePolytechnic.Infrastructure", "SingaporePolytechnic.Infrastructure\SingaporePolytechnic.Infrastructure.csproj", "{1A3153F2-7123-4ACB-BD04-5B7A41F8D84D}"
EndProject
Project("{2150E333-8FDC-42A3-9474-1A3956D46DE8}") = "dlls", "dlls", "{3BE62958-3C17-4BE7-B67B-C9B41BE743BF}"
	ProjectSection(SolutionItems) = preProject
		Dlls\SharepointCommon.dll = Dlls\SharepointCommon.dll
		Dlls\SharepointCommon.XML = Dlls\SharepointCommon.XML
	EndProjectSection
EndProject
Global
	GlobalSection(SolutionConfigurationPlatforms) = preSolution
		Debug|Any CPU = Debug|Any CPU
		Debug|Mixed Platforms = Debug|Mixed Platforms
		Debug|x86 = Debug|x86
		Release|Any CPU = Release|Any CPU
		Release|Mixed Platforms = Release|Mixed Platforms
		Release|x86 = Release|x86
	EndGlobalSection
	GlobalSection(ProjectConfigurationPlatforms) = postSolution
		{11FD396E-C12E-4D20-BF89-70B1ECD619CD}.Debug|Any CPU.ActiveCfg = Debug|Any CPU
		{11FD396E-C12E-4D20-BF89-70B1ECD619CD}.Debug|Any CPU.Build.0 = Debug|Any CPU
		{11FD396E-C12E-4D20-BF89-70B1ECD619CD}.Debug|Any CPU.Deploy.0 = Debug|Any CPU
		{11FD396E-C12E-4D20-BF89-70B1ECD619CD}.Debug|Mixed Platforms.ActiveCfg = Debug|Any CPU
		{11FD396E-C12E-4D20-BF89-70B1ECD619CD}.Debug|Mixed Platforms.Build.0 = Debug|Any CPU
		{11FD396E-C12E-4D20-BF89-70B1ECD619CD}.Debug|Mixed Platforms.Deploy.0 = Debug|Any CPU
		{11FD396E-C12E-4D20-BF89-70B1ECD619CD}.Debug|x86.ActiveCfg = Debug|Any CPU
		{11FD396E-C12E-4D20-BF89-70B1ECD619CD}.Release|Any CPU.ActiveCfg = Release|Any CPU
		{11FD396E-C12E-4D20-BF89-70B1ECD619CD}.Release|Any CPU.Build.0 = Release|Any CPU
		{11FD396E-C12E-4D20-BF89-70B1ECD619CD}.Release|Any CPU.Deploy.0 = Release|Any CPU
		{11FD396E-C12E-4D20-BF89-70B1ECD619CD}.Release|Mixed Platforms.ActiveCfg = Release|Any CPU
		{11FD396E-C12E-4D20-BF89-70B1ECD619CD}.Release|Mixed Platforms.Build.0 = Release|Any CPU
		{11FD396E-C12E-4D20-BF89-70B1ECD619CD}.Release|Mixed Platforms.Deploy.0 = Release|Any CPU
		{11FD396E-C12E-4D20-BF89-70B1ECD619CD}.Release|x86.ActiveCfg = Release|Any CPU
		{79C35D80-4C05-438D-9499-3AEF4199F66E}.Debug|Any CPU.ActiveCfg = Debug|x86
		{79C35D80-4C05-438D-9499-3AEF4199F66E}.Debug|Mixed Platforms.ActiveCfg = Debug|x86
		{79C35D80-4C05-438D-9499-3AEF4199F66E}.Debug|Mixed Platforms.Build.0 = Debug|x86
		{79C35D80-4C05-438D-9499-3AEF4199F66E}.Debug|x86.ActiveCfg = Debug|x86
		{79C35D80-4C05-438D-9499-3AEF4199F66E}.Debug|x86.Build.0 = Debug|x86
		{79C35D80-4C05-438D-9499-3AEF4199F66E}.Release|Any CPU.ActiveCfg = Release|x86
		{79C35D80-4C05-438D-9499-3AEF4199F66E}.Release|Mixed Platforms.ActiveCfg = Release|x86
		{79C35D80-4C05-438D-9499-3AEF4199F66E}.Release|Mixed Platforms.Build.0 = Release|x86
		{79C35D80-4C05-438D-9499-3AEF4199F66E}.Release|x86.ActiveCfg = Release|x86
		{79C35D80-4C05-438D-9499-3AEF4199F66E}.Release|x86.Build.0 = Release|x86
		{A4F624C3-B5F9-4A92-B238-174C34D8DA9C}.Debug|Any CPU.ActiveCfg = Debug|Any CPU
		{A4F624C3-B5F9-4A92-B238-174C34D8DA9C}.Debug|Any CPU.Build.0 = Debug|Any CPU
		{A4F624C3-B5F9-4A92-B238-174C34D8DA9C}.Debug|Mixed Platforms.ActiveCfg = Debug|Any CPU
		{A4F624C3-B5F9-4A92-B238-174C34D8DA9C}.Debug|Mixed Platforms.Build.0 = Debug|Any CPU
		{A4F624C3-B5F9-4A92-B238-174C34D8DA9C}.Debug|x86.ActiveCfg = Debug|Any CPU
		{A4F624C3-B5F9-4A92-B238-174C34D8DA9C}.Release|Any CPU.ActiveCfg = Release|Any CPU
		{A4F624C3-B5F9-4A92-B238-174C34D8DA9C}.Release|Any CPU.Build.0 = Release|Any CPU
		{A4F624C3-B5F9-4A92-B238-174C34D8DA9C}.Release|Mixed Platforms.ActiveCfg = Release|Any CPU
		{A4F624C3-B5F9-4A92-B238-174C34D8DA9C}.Release|Mixed Platforms.Build.0 = Release|Any CPU
		{A4F624C3-B5F9-4A92-B238-174C34D8DA9C}.Release|x86.ActiveCfg = Release|Any CPU
		{1A3153F2-7123-4ACB-BD04-5B7A41F8D84D}.Debug|Any CPU.ActiveCfg = Debug|Any CPU
		{1A3153F2-7123-4ACB-BD04-5B7A41F8D84D}.Debug|Any CPU.Build.0 = Debug|Any CPU
		{1A3153F2-7123-4ACB-BD04-5B7A41F8D84D}.Debug|Mixed Platforms.ActiveCfg = Debug|Any CPU
		{1A3153F2-7123-4ACB-BD04-5B7A41F8D84D}.Debug|Mixed Platforms.Build.0 = Debug|Any CPU
		{1A3153F2-7123-4ACB-BD04-5B7A41F8D84D}.Debug|x86.ActiveCfg = Debug|Any CPU
		{1A3153F2-7123-4ACB-BD04-5B7A41F8D84D}.Release|Any CPU.ActiveCfg = Release|Any CPU
		{1A3153F2-7123-4ACB-BD04-5B7A41F8D84D}.Release|Any CPU.Build.0 = Release|Any CPU
		{1A3153F2-7123-4ACB-BD04-5B7A41F8D84D}.Release|Mixed Platforms.ActiveCfg = Release|Any CPU
		{1A3153F2-7123-4ACB-BD04-5B7A41F8D84D}.Release|Mixed Platforms.Build.0 = Release|Any CPU
		{1A3153F2-7123-4ACB-BD04-5B7A41F8D84D}.Release|x86.ActiveCfg = Release|Any CPU
	EndGlobalSection
	GlobalSection(SolutionProperties) = preSolution
		HideSolutionNode = FALSE
	EndGlobalSection
EndGlobal
